// !$*UTF8*$!
{
	archiveVersion = 1;
	classes = {
	};
	objectVersion = 50;
	objects = {

/* Begin PBXBuildFile section */
		5096483424223D1C001C95BC /* Enemy_animation in Resources */ = {isa = PBXBuildFile; fileRef = 5096483324223D1C001C95BC /* Enemy_animation */; };
		5096484A24224476001C95BC /* Mainmenu.swift in Sources */ = {isa = PBXBuildFile; fileRef = 5096484924224476001C95BC /* Mainmenu.swift */; };
		50BE645F2421B89E000B1825 /* AppDelegate.swift in Sources */ = {isa = PBXBuildFile; fileRef = 50BE645E2421B89E000B1825 /* AppDelegate.swift */; };
		50BE64652421B89E000B1825 /* GameScene.swift in Sources */ = {isa = PBXBuildFile; fileRef = 50BE64642421B89E000B1825 /* GameScene.swift */; };
		50BE64672421B89E000B1825 /* GameViewController.swift in Sources */ = {isa = PBXBuildFile; fileRef = 50BE64662421B89E000B1825 /* GameViewController.swift */; };
		50BE646A2421B89E000B1825 /* Main.storyboard in Resources */ = {isa = PBXBuildFile; fileRef = 50BE64682421B89E000B1825 /* Main.storyboard */; };
		50BE646C2421B8A0000B1825 /* Assets.xcassets in Resources */ = {isa = PBXBuildFile; fileRef = 50BE646B2421B8A0000B1825 /* Assets.xcassets */; };
		50BE646F2421B8A0000B1825 /* LaunchScreen.storyboard in Resources */ = {isa = PBXBuildFile; fileRef = 50BE646D2421B8A0000B1825 /* LaunchScreen.storyboard */; };
		50CC67E62421CB700035E692 /* explosion.wav in Resources */ = {isa = PBXBuildFile; fileRef = 50CC67E42421CB700035E692 /* explosion.wav */; };
		50CC67E72421CB700035E692 /* Background.mp3 in Resources */ = {isa = PBXBuildFile; fileRef = 50CC67E52421CB700035E692 /* Background.mp3 */; };
/* End PBXBuildFile section */

/* Begin PBXFileReference section */
		5096483324223D1C001C95BC /* Enemy_animation */ = {isa = PBXFileReference; lastKnownFileType = folder; name = Enemy_animation; path = ../../../.Trashes/501/Enemy_animation; sourceTree = "<group>"; };
		5096484924224476001C95BC /* Mainmenu.swift */ = {isa = PBXFileReference; lastKnownFileType = sourcecode.swift; path = Mainmenu.swift; sourceTree = "<group>"; };
		50BE645B2421B89E000B1825 /* GalaxyWar.app */ = {isa = PBXFileReference; explicitFileType = wrapper.application; includeInIndex = 0; path = GalaxyWar.app; sourceTree = BUILT_PRODUCTS_DIR; };
		50BE645E2421B89E000B1825 /* AppDelegate.swift */ = {isa = PBXFileReference; lastKnownFileType = sourcecode.swift; path = AppDelegate.swift; sourceTree = "<group>"; };
		50BE64642421B89E000B1825 /* GameScene.swift */ = {isa = PBXFileReference; lastKnownFileType = sourcecode.swift; path = GameScene.swift; sourceTree = "<group>"; };
		50BE64662421B89E000B1825 /* GameViewController.swift */ = {isa = PBXFileReference; lastKnownFileType = sourcecode.swift; path = GameViewController.swift; sourceTree = "<group>"; };
		50BE64692421B89E000B1825 /* Base */ = {isa = PBXFileReference; lastKnownFileType = file.storyboard; name = Base; path = Base.lproj/Main.storyboard; sourceTree = "<group>"; };
		50BE646B2421B8A0000B1825 /* Assets.xcassets */ = {isa = PBXFileReference; lastKnownFileType = folder.assetcatalog; path = Assets.xcassets; sourceTree = "<group>"; };
		50BE646E2421B8A0000B1825 /* Base */ = {isa = PBXFileReference; lastKnownFileType = file.storyboard; name = Base; path = Base.lproj/LaunchScreen.storyboard; sourceTree = "<group>"; };
		50BE64702421B8A0000B1825 /* Info.plist */ = {isa = PBXFileReference; lastKnownFileType = text.plist.xml; path = Info.plist; sourceTree = "<group>"; };
		50CC67E42421CB700035E692 /* explosion.wav */ = {isa = PBXFileReference; lastKnownFileType = audio.wav; name = explosion.wav; path = ../../../../../../Users/pascal/Downloads/explosion.wav; sourceTree = "<group>"; };
		50CC67E52421CB700035E692 /* Background.mp3 */ = {isa = PBXFileReference; lastKnownFileType = audio.mp3; name = Background.mp3; path = ../../../../../../Users/pascal/Downloads/Background.mp3; sourceTree = "<group>"; };
/* End PBXFileReference section */

/* Begin PBXFrameworksBuildPhase section */
		50BE64582421B89E000B1825 /* Frameworks */ = {
			isa = PBXFrameworksBuildPhase;
			buildActionMask = 2147483647;
			files = (
			);
			runOnlyForDeploymentPostprocessing = 0;
		};
/* End PBXFrameworksBuildPhase section */

/* Begin PBXGroup section */
		50BE64522421B89E000B1825 = {
			isa = PBXGroup;
			children = (
				50BE645D2421B89E000B1825 /* GalaxyWar */,
				50BE645C2421B89E000B1825 /* Products */,
			);
			sourceTree = "<group>";
		};
		50BE645C2421B89E000B1825 /* Products */ = {
			isa = PBXGroup;
			children = (
				50BE645B2421B89E000B1825 /* GalaxyWar.app */,
			);
			name = Products;
			sourceTree = "<group>";
		};
		50BE645D2421B89E000B1825 /* GalaxyWar */ = {
			isa = PBXGroup;
			children = (
				50CC67E32421CB3D0035E692 /* Audio */,
				50BE645E2421B89E000B1825 /* AppDelegate.swift */,
				50BE64642421B89E000B1825 /* GameScene.swift */,
				5096484924224476001C95BC /* Mainmenu.swift */,
				50BE64662421B89E000B1825 /* GameViewController.swift */,
				50BE64682421B89E000B1825 /* Main.storyboard */,
				50BE646B2421B8A0000B1825 /* Assets.xcassets */,
				50BE646D2421B8A0000B1825 /* LaunchScreen.storyboard */,
				50BE64702421B8A0000B1825 /* Info.plist */,
				5096483324223D1C001C95BC /* Enemy_animation */,
			);
			path = GalaxyWar;
			sourceTree = "<group>";
		};
		50CC67E32421CB3D0035E692 /* Audio */ = {
			isa = PBXGroup;
			children = (
				50CC67E52421CB700035E692 /* Background.mp3 */,
				50CC67E42421CB700035E692 /* explosion.wav */,
			);
			path = Audio;
			sourceTree = "<group>";
		};
/* End PBXGroup section */

/* Begin PBXNativeTarget section */
		50BE645A2421B89E000B1825 /* GalaxyWar */ = {
			isa = PBXNativeTarget;
			buildConfigurationList = 50BE64732421B8A0000B1825 /* Build configuration list for PBXNativeTarget "GalaxyWar" */;
			buildPhases = (
				50BE64572421B89E000B1825 /* Sources */,
				50BE64582421B89E000B1825 /* Frameworks */,
				50BE64592421B89E000B1825 /* Resources */,
			);
			buildRules = (
			);
			dependencies = (
			);
			name = GalaxyWar;
			productName = GalaxyWar;
			productReference = 50BE645B2421B89E000B1825 /* GalaxyWar.app */;
			productType = "com.apple.product-type.application";
		};
/* End PBXNativeTarget section */

/* Begin PBXProject section */
		50BE64532421B89E000B1825 /* Project object */ = {
			isa = PBXProject;
			attributes = {
				LastSwiftUpdateCheck = 1130;
				LastUpgradeCheck = 1130;
				ORGANIZATIONNAME = Pepe44DEV;
				TargetAttributes = {
					50BE645A2421B89E000B1825 = {
						CreatedOnToolsVersion = 11.3.1;
					};
				};
			};
			buildConfigurationList = 50BE64562421B89E000B1825 /* Build configuration list for PBXProject "GalaxyWar" */;
			compatibilityVersion = "Xcode 9.3";
			developmentRegion = en;
			hasScannedForEncodings = 0;
			knownRegions = (
				en,
				Base,
			);
			mainGroup = 50BE64522421B89E000B1825;
			productRefGroup = 50BE645C2421B89E000B1825 /* Products */;
			projectDirPath = "";
			projectRoot = "";
			targets = (
				50BE645A2421B89E000B1825 /* GalaxyWar */,
			);
		};
/* End PBXProject section */

/* Begin PBXResourcesBuildPhase section */
		50BE64592421B89E000B1825 /* Resources */ = {
			isa = PBXResourcesBuildPhase;
			buildActionMask = 2147483647;
			files = (
				50BE646A2421B89E000B1825 /* Main.storyboard in Resources */,
				50BE646C2421B8A0000B1825 /* Assets.xcassets in Resources */,
				5096483424223D1C001C95BC /* Enemy_animation in Resources */,
				50CC67E72421CB700035E692 /* Background.mp3 in Resources */,
				50CC67E62421CB700035E692 /* explosion.wav in Resources */,
				50BE646F2421B8A0000B1825 /* LaunchScreen.storyboard in Resources */,
			);
			runOnlyForDeploymentPostprocessing = 0;
		};
/* End PBXResourcesBuildPhase section */

/* Begin PBXSourcesBuildPhase section */
		50BE64572421B89E000B1825 /* Sources */ = {
			isa = PBXSourcesBuildPhase;
			buildActionMask = 2147483647;
			files = (
				50BE64652421B89E000B1825 /* GameScene.swift in Sources */,
				50BE64672421B89E000B1825 /* GameViewController.swift in Sources */,
				50BE645F2421B89E000B1825 /* AppDelegate.swift in Sources */,
				5096484A24224476001C95BC /* Mainmenu.swift in Sources */,
			);
			runOnlyForDeploymentPostprocessing = 0;
		};
/* End PBXSourcesBuildPhase section */

/* Begin PBXVariantGroup section */
		50BE64682421B89E000B1825 /* Main.storyboard */ = {
			isa = PBXVariantGroup;
			children = (
				50BE64692421B89E000B1825 /* Base */,
			);
			name = Main.storyboard;
			sourceTree = "<group>";
		};
		50BE646D2421B8A0000B1825 /* LaunchScreen.storyboard */ = {
			isa = PBXVariantGroup;
			children = (
				50BE646E2421B8A0000B1825 /* Base */,
			);
			name = LaunchScreen.storyboard;
			sourceTree = "<group>";
		};
/* End PBXVariantGroup section */

/* Begin XCBuildConfiguration section */
		50BE64712421B8A0000B1825 /* Debug */ = {
			isa = XCBuildConfiguration;
			buildSettings = {
				ALWAYS_SEARCH_USER_PATHS = NO;
				CLANG_ANALYZER_NONNULL = YES;
				CLANG_ANALYZER_NUMBER_OBJECT_CONVERSION = YES_AGGRESSIVE;
				CLANG_CXX_LANGUAGE_STANDARD = "gnu++14";
				CLANG_CXX_LIBRARY = "libc++";
				CLANG_ENABLE_MODULES = YES;
				CLANG_ENABLE_OBJC_ARC = YES;
				CLANG_ENABLE_OBJC_WEAK = YES;
				CLANG_WARN_BLOCK_CAPTURE_AUTORELEASING = YES;
				CLANG_WARN_BOOL_CONVERSION = YES;
				CLANG_WARN_COMMA = YES;
				CLANG_WARN_CONSTANT_CONVERSION = YES;
				CLANG_WARN_DEPRECATED_OBJC_IMPLEMENTATIONS = YES;
				CLANG_WARN_DIRECT_OBJC_ISA_USAGE = YES_ERROR;
				CLANG_WARN_DOCUMENTATION_COMMENTS = YES;
				CLANG_WARN_EMPTY_BODY = YES;
				CLANG_WARN_ENUM_CONVERSION = YES;
				CLANG_WARN_INFINITE_RECURSION = YES;
				CLANG_WARN_INT_CONVERSION = YES;
				CLANG_WARN_NON_LITERAL_NULL_CONVERSION = YES;
				CLANG_WARN_OBJC_IMPLICIT_RETAIN_SELF = YES;
				CLANG_WARN_OBJC_LITERAL_CONVERSION = YES;
				CLANG_WARN_OBJC_ROOT_CLASS = YES_ERROR;
				CLANG_WARN_RANGE_LOOP_ANALYSIS = YES;
				CLANG_WARN_STRICT_PROTOTYPES = YES;
				CLANG_WARN_SUSPICIOUS_MOVE = YES;
				CLANG_WARN_UNGUARDED_AVAILABILITY = YES_AGGRESSIVE;
				CLANG_WARN_UNREACHABLE_CODE = YES;
				CLANG_WARN__DUPLICATE_METHOD_MATCH = YES;
				COPY_PHASE_STRIP = NO;
				DEBUG_INFORMATION_FORMAT = dwarf;
				ENABLE_STRICT_OBJC_MSGSEND = YES;
				ENABLE_TESTABILITY = YES;
				GCC_C_LANGUAGE_STANDARD = gnu11;
				GCC_DYNAMIC_NO_PIC = NO;
				GCC_NO_COMMON_BLOCKS = YES;
				GCC_OPTIMIZATION_LEVEL = 0;
				GCC_PREPROCESSOR_DEFINITIONS = (
					"DEBUG=1",
					"$(inherited)",
				);
				GCC_WARN_64_TO_32_BIT_CONVERSION = YES;
				GCC_WARN_ABOUT_RETURN_TYPE = YES_ERROR;
				GCC_WARN_UNDECLARED_SELECTOR = YES;
				GCC_WARN_UNINITIALIZED_AUTOS = YES_AGGRESSIVE;
				GCC_WARN_UNUSED_FUNCTION = YES;
				GCC_WARN_UNUSED_VARIABLE = YES;
				IPHONEOS_DEPLOYMENT_TARGET = 13.2;
				MTL_ENABLE_DEBUG_INFO = INCLUDE_SOURCE;
				MTL_FAST_MATH = YES;
				ONLY_ACTIVE_ARCH = YES;
				SDKROOT = iphoneos;
				SWIFT_ACTIVE_COMPILATION_CONDITIONS = DEBUG;
				SWIFT_OPTIMIZATION_LEVEL = "-Onone";
			};
			name = Debug;
		};
		50BE64722421B8A0000B1825 /* Release */ = {
			isa = XCBuildConfiguration;
			buildSettings = {
				ALWAYS_SEARCH_USER_PATHS = NO;
				CLANG_ANALYZER_NONNULL = YES;
				CLANG_ANALYZER_NUMBER_OBJECT_CONVERSION = YES_AGGRESSIVE;
				CLANG_CXX_LANGUAGE_STANDARD = "gnu++14";
				CLANG_CXX_LIBRARY = "libc++";
				CLANG_ENABLE_MODULES = YES;
				CLANG_ENABLE_OBJC_ARC = YES;
				CLANG_ENABLE_OBJC_WEAK = YES;
				CLANG_WARN_BLOCK_CAPTURE_AUTORELEASING = YES;
				CLANG_WARN_BOOL_CONVERSION = YES;
				CLANG_WARN_COMMA = YES;
				CLANG_WARN_CONSTANT_CONVERSION = YES;
				CLANG_WARN_DEPRECATED_OBJC_IMPLEMENTATIONS = YES;
				CLANG_WARN_DIRECT_OBJC_ISA_USAGE = YES_ERROR;
				CLANG_WARN_DOCUMENTATION_COMMENTS = YES;
				CLANG_WARN_EMPTY_BODY = YES;
				CLANG_WARN_ENUM_CONVERSION = YES;
				CLANG_WARN_INFINITE_RECURSION = YES;
				CLANG_WARN_INT_CONVERSION = YES;
				CLANG_WARN_NON_LITERAL_NULL_CONVERSION = YES;
				CLANG_WARN_OBJC_IMPLICIT_RETAIN_SELF = YES;
				CLANG_WARN_OBJC_LITERAL_CONVERSION = YES;
				CLANG_WARN_OBJC_ROOT_CLASS = YES_ERROR;
				CLANG_WARN_RANGE_LOOP_ANALYSIS = YES;
				CLANG_WARN_STRICT_PROTOTYPES = YES;
				CLANG_WARN_SUSPICIOUS_MOVE = YES;
				CLANG_WARN_UNGUARDED_AVAILABILITY = YES_AGGRESSIVE;
				CLANG_WARN_UNREACHABLE_CODE = YES;
				CLANG_WARN__DUPLICATE_METHOD_MATCH = YES;
				COPY_PHASE_STRIP = NO;
				DEBUG_INFORMATION_FORMAT = "dwarf-with-dsym";
				ENABLE_NS_ASSERTIONS = NO;
				ENABLE_STRICT_OBJC_MSGSEND = YES;
				GCC_C_LANGUAGE_STANDARD = gnu11;
				GCC_NO_COMMON_BLOCKS = YES;
				GCC_WARN_64_TO_32_BIT_CONVERSION = YES;
				GCC_WARN_ABOUT_RETURN_TYPE = YES_ERROR;
				GCC_WARN_UNDECLARED_SELECTOR = YES;
				GCC_WARN_UNINITIALIZED_AUTOS = YES_AGGRESSIVE;
				GCC_WARN_UNUSED_FUNCTION = YES;
				GCC_WARN_UNUSED_VARIABLE = YES;
				IPHONEOS_DEPLOYMENT_TARGET = 13.2;
				MTL_ENABLE_DEBUG_INFO = NO;
				MTL_FAST_MATH = YES;
				SDKROOT = iphoneos;
				SWIFT_COMPILATION_MODE = wholemodule;
				SWIFT_OPTIMIZATION_LEVEL = "-O";
				VALIDATE_PRODUCT = YES;
			};
			name = Release;
		};
		50BE64742421B8A0000B1825 /* Debug */ = {
			isa = XCBuildConfiguration;
			buildSettings = {
				ASSETCATALOG_COMPILER_APPICON_NAME = AppIcon;
				CODE_SIGN_STYLE = Automatic;
				DEVELOPMENT_TEAM = Y44PV4HUH6;
				INFOPLIST_FILE = GalaxyWar/Info.plist;
				LD_RUNPATH_SEARCH_PATHS = (
					"$(inherited)",
					"@executable_path/Frameworks",
				);
				PRODUCT_BUNDLE_IDENTIFIER = de.limacity.pepe44.GalaxyWar;
				PRODUCT_NAME = "$(TARGET_NAME)";
				SWIFT_VERSION = 5.0;
				TARGETED_DEVICE_FAMILY = "1,2";
			};
			name = Debug;
		};
		50BE64752421B8A0000B1825 /* Release */ = {
			isa = XCBuildConfiguration;
			buildSettings = {
				ASSETCATALOG_COMPILER_APPICON_NAME = AppIcon;
				CODE_SIGN_STYLE = Automatic;
				DEVELOPMENT_TEAM = Y44PV4HUH6;
				INFOPLIST_FILE = GalaxyWar/Info.plist;
				LD_RUNPATH_SEARCH_PATHS = (
					"$(inherited)",
					"@executable_path/Frameworks",
				);
				PRODUCT_BUNDLE_IDENTIFIER = de.limacity.pepe44.GalaxyWar;
				PRODUCT_NAME = "$(TARGET_NAME)";
				SWIFT_VERSION = 5.0;
				TARGETED_DEVICE_FAMILY = "1,2";
			};
			name = Release;
		};
/* End XCBuildConfiguration section */

/* Begin XCConfigurationList section */
		50BE64562421B89E000B1825 /* Build configuration list for PBXProject "GalaxyWar" */ = {
			isa = XCConfigurationList;
			buildConfigurations = (
				50BE64712421B8A0000B1825 /* Debug */,
				50BE64722421B8A0000B1825 /* Release */,
			);
			defaultConfigurationIsVisible = 0;
			defaultConfigurationName = Release;
		};
		50BE64732421B8A0000B1825 /* Build configuration list for PBXNativeTarget "GalaxyWar" */ = {
			isa = XCConfigurationList;
			buildConfigurations = (
				50BE64742421B8A0000B1825 /* Debug */,
				50BE64752421B8A0000B1825 /* Release */,
			);
			defaultConfigurationIsVisible = 0;
			defaultConfigurationName = Release;
		};
/* End XCConfigurationList section */
	};
	rootObject = 50BE64532421B89E000B1825 /* Project object */;
}
